// !$*UTF8*$!
{
	archiveVersion = 1;
	classes = {
	};
	objectVersion = 50;
	objects = {

/* Begin PBXBuildFile section */
		757C58AC209F495000252869 /* AppDelegate.swift in Sources */ = {isa = PBXBuildFile; fileRef = 757C58AB209F495000252869 /* AppDelegate.swift */; };
		757C58AE209F495000252869 /* ViewController.swift in Sources */ = {isa = PBXBuildFile; fileRef = 757C58AD209F495000252869 /* ViewController.swift */; };
		757C58B1209F495000252869 /* Main.storyboard in Resources */ = {isa = PBXBuildFile; fileRef = 757C58AF209F495000252869 /* Main.storyboard */; };
		757C58B3209F495100252869 /* Assets.xcassets in Resources */ = {isa = PBXBuildFile; fileRef = 757C58B2209F495100252869 /* Assets.xcassets */; };
		757C58B6209F495100252869 /* LaunchScreen.storyboard in Resources */ = {isa = PBXBuildFile; fileRef = 757C58B4209F495100252869 /* LaunchScreen.storyboard */; };
		757C58CC209F4F5400252869 /* Mapbox.framework in Frameworks */ = {isa = PBXBuildFile; fileRef = 757C58CB209F4F5400252869 /* Mapbox.framework */; };
		757C58CD209F4F5400252869 /* Mapbox.framework in Embed Frameworks */ = {isa = PBXBuildFile; fileRef = 757C58CB209F4F5400252869 /* Mapbox.framework */; settings = {ATTRIBUTES = (CodeSignOnCopy, RemoveHeadersOnCopy, ); }; };
		757C58D7209F9F5600252869 /* Alamofire.framework in Frameworks */ = {isa = PBXBuildFile; fileRef = 757C58D6209F9F5600252869 /* Alamofire.framework */; };
		757C58D8209F9F5600252869 /* Alamofire.framework in Embed Frameworks */ = {isa = PBXBuildFile; fileRef = 757C58D6209F9F5600252869 /* Alamofire.framework */; settings = {ATTRIBUTES = (CodeSignOnCopy, RemoveHeadersOnCopy, ); }; };
		757C58DB20A00D3B00252869 /* SwiftyJSON.framework in Embed Frameworks */ = {isa = PBXBuildFile; fileRef = 757C58DA20A00D3B00252869 /* SwiftyJSON.framework */; settings = {ATTRIBUTES = (CodeSignOnCopy, RemoveHeadersOnCopy, ); }; };
		757C58DD20A00D4000252869 /* SwiftyJSON.framework.dSYM in Embed Frameworks */ = {isa = PBXBuildFile; fileRef = 757C58DC20A00D4000252869 /* SwiftyJSON.framework.dSYM */; };
/* End PBXBuildFile section */

/* Begin PBXCopyFilesBuildPhase section */
		757C58C2209F4AA300252869 /* Embed Frameworks */ = {
			isa = PBXCopyFilesBuildPhase;
			buildActionMask = 2147483647;
			dstPath = "";
			dstSubfolderSpec = 10;
			files = (
				757C58CD209F4F5400252869 /* Mapbox.framework in Embed Frameworks */,
				757C58D8209F9F5600252869 /* Alamofire.framework in Embed Frameworks */,
				757C58DB20A00D3B00252869 /* SwiftyJSON.framework in Embed Frameworks */,
				757C58DD20A00D4000252869 /* SwiftyJSON.framework.dSYM in Embed Frameworks */,
			);
			name = "Embed Frameworks";
			runOnlyForDeploymentPostprocessing = 0;
		};
/* End PBXCopyFilesBuildPhase section */

/* Begin PBXFileReference section */
		757C58A8209F495000252869 /* PublicArt.app */ = {isa = PBXFileReference; explicitFileType = wrapper.application; includeInIndex = 0; path = PublicArt.app; sourceTree = BUILT_PRODUCTS_DIR; };
		757C58AB209F495000252869 /* AppDelegate.swift */ = {isa = PBXFileReference; lastKnownFileType = sourcecode.swift; path = AppDelegate.swift; sourceTree = "<group>"; };
		757C58AD209F495000252869 /* ViewController.swift */ = {isa = PBXFileReference; lastKnownFileType = sourcecode.swift; path = ViewController.swift; sourceTree = "<group>"; };
		757C58B0209F495000252869 /* Base */ = {isa = PBXFileReference; lastKnownFileType = file.storyboard; name = Base; path = Base.lproj/Main.storyboard; sourceTree = "<group>"; };
		757C58B2209F495100252869 /* Assets.xcassets */ = {isa = PBXFileReference; lastKnownFileType = folder.assetcatalog; path = Assets.xcassets; sourceTree = "<group>"; };
		757C58B5209F495100252869 /* Base */ = {isa = PBXFileReference; lastKnownFileType = file.storyboard; name = Base; path = Base.lproj/LaunchScreen.storyboard; sourceTree = "<group>"; };
		757C58B7209F495100252869 /* Info.plist */ = {isa = PBXFileReference; lastKnownFileType = text.plist.xml; path = Info.plist; sourceTree = "<group>"; };
		757C58CB209F4F5400252869 /* Mapbox.framework */ = {isa = PBXFileReference; lastKnownFileType = wrapper.framework; name = Mapbox.framework; path = "../../Downloads/mapbox-ios-sdk-4.0.0-dynamic/dynamic/Mapbox.framework"; sourceTree = "<group>"; };
		757C58CE209F4F6000252869 /* Mapbox.framework.dSYM */ = {isa = PBXFileReference; lastKnownFileType = wrapper.dsym; name = Mapbox.framework.dSYM; path = "../../Downloads/mapbox-ios-sdk-4.0.0-dynamic/dynamic/Mapbox.framework.dSYM"; sourceTree = "<group>"; };
		757C58D1209F9D5300252869 /* Alamofire.framework */ = {isa = PBXFileReference; lastKnownFileType = wrapper.framework; name = Alamofire.framework; path = Carthage/Build/iOS/Alamofire.framework; sourceTree = "<group>"; };
		757C58D3209F9D8400252869 /* SwiftOverpass.framework */ = {isa = PBXFileReference; lastKnownFileType = wrapper.framework; name = SwiftOverpass.framework; path = Carthage/Build/iOS/SwiftOverpass.framework; sourceTree = "<group>"; };
		757C58D6209F9F5600252869 /* Alamofire.framework */ = {isa = PBXFileReference; lastKnownFileType = wrapper.framework; name = Alamofire.framework; path = Carthage/Build/iOS/Alamofire.framework; sourceTree = "<group>"; };
		757C58D9209F9F5B00252869 /* Alamofire.framework.dSYM */ = {isa = PBXFileReference; lastKnownFileType = wrapper.dsym; name = Alamofire.framework.dSYM; path = Carthage/Build/iOS/Alamofire.framework.dSYM; sourceTree = "<group>"; };
		757C58DA20A00D3B00252869 /* SwiftyJSON.framework */ = {isa = PBXFileReference; lastKnownFileType = wrapper.framework; name = SwiftyJSON.framework; path = Carthage/Build/iOS/SwiftyJSON.framework; sourceTree = "<group>"; };
		757C58DC20A00D4000252869 /* SwiftyJSON.framework.dSYM */ = {isa = PBXFileReference; lastKnownFileType = wrapper.dsym; name = SwiftyJSON.framework.dSYM; path = Carthage/Build/iOS/SwiftyJSON.framework.dSYM; sourceTree = "<group>"; };
/* End PBXFileReference section */

/* Begin PBXFrameworksBuildPhase section */
		757C58A5209F495000252869 /* Frameworks */ = {
			isa = PBXFrameworksBuildPhase;
			buildActionMask = 2147483647;
			files = (
				757C58CC209F4F5400252869 /* Mapbox.framework in Frameworks */,
				757C58D7209F9F5600252869 /* Alamofire.framework in Frameworks */,
			);
			runOnlyForDeploymentPostprocessing = 0;
		};
/* End PBXFrameworksBuildPhase section */

/* Begin PBXGroup section */
		757C589F209F495000252869 = {
			isa = PBXGroup;
			children = (
				757C58DC20A00D4000252869 /* SwiftyJSON.framework.dSYM */,
				757C58DA20A00D3B00252869 /* SwiftyJSON.framework */,
				757C58D9209F9F5B00252869 /* Alamofire.framework.dSYM */,
				757C58D6209F9F5600252869 /* Alamofire.framework */,
				757C58CE209F4F6000252869 /* Mapbox.framework.dSYM */,
				757C58CB209F4F5400252869 /* Mapbox.framework */,
				757C58AA209F495000252869 /* PublicArt */,
				757C58A9209F495000252869 /* Products */,
				757C58D0209F9D5300252869 /* Frameworks */,
			);
			sourceTree = "<group>";
		};
		757C58A9209F495000252869 /* Products */ = {
			isa = PBXGroup;
			children = (
				757C58A8209F495000252869 /* PublicArt.app */,
			);
			name = Products;
			sourceTree = "<group>";
		};
		757C58AA209F495000252869 /* PublicArt */ = {
			isa = PBXGroup;
			children = (
				757C58AB209F495000252869 /* AppDelegate.swift */,
				757C58AD209F495000252869 /* ViewController.swift */,
				757C58AF209F495000252869 /* Main.storyboard */,
				757C58B2209F495100252869 /* Assets.xcassets */,
				757C58B4209F495100252869 /* LaunchScreen.storyboard */,
				757C58B7209F495100252869 /* Info.plist */,
			);
			path = PublicArt;
			sourceTree = "<group>";
		};
		757C58D0209F9D5300252869 /* Frameworks */ = {
			isa = PBXGroup;
			children = (
				757C58D3209F9D8400252869 /* SwiftOverpass.framework */,
				757C58D1209F9D5300252869 /* Alamofire.framework */,
			);
			name = Frameworks;
			sourceTree = "<group>";
		};
/* End PBXGroup section */

/* Begin PBXNativeTarget section */
		757C58A7209F495000252869 /* PublicArt */ = {
			isa = PBXNativeTarget;
			buildConfigurationList = 757C58BA209F495100252869 /* Build configuration list for PBXNativeTarget "PublicArt" */;
			buildPhases = (
				757C58A4209F495000252869 /* Sources */,
				757C58A5209F495000252869 /* Frameworks */,
				757C58A6209F495000252869 /* Resources */,
				757C58C2209F4AA300252869 /* Embed Frameworks */,
				757C58CF209F4F6D00252869 /* ShellScript */,
			);
			buildRules = (
			);
			dependencies = (
			);
			name = PublicArt;
			productName = PublicArt;
			productReference = 757C58A8209F495000252869 /* PublicArt.app */;
			productType = "com.apple.product-type.application";
		};
/* End PBXNativeTarget section */

/* Begin PBXProject section */
		757C58A0209F495000252869 /* Project object */ = {
			isa = PBXProject;
			attributes = {
				LastSwiftUpdateCheck = 0930;
				LastUpgradeCheck = 0930;
				ORGANIZATIONNAME = Soarthec;
				TargetAttributes = {
					757C58A7209F495000252869 = {
						CreatedOnToolsVersion = 9.3;
					};
				};
			};
			buildConfigurationList = 757C58A3209F495000252869 /* Build configuration list for PBXProject "PublicArt" */;
			compatibilityVersion = "Xcode 9.3";
			developmentRegion = en;
			hasScannedForEncodings = 0;
			knownRegions = (
				en,
				Base,
			);
			mainGroup = 757C589F209F495000252869;
			productRefGroup = 757C58A9209F495000252869 /* Products */;
			projectDirPath = "";
			projectRoot = "";
			targets = (
				757C58A7209F495000252869 /* PublicArt */,
			);
		};
/* End PBXProject section */

/* Begin PBXResourcesBuildPhase section */
		757C58A6209F495000252869 /* Resources */ = {
			isa = PBXResourcesBuildPhase;
			buildActionMask = 2147483647;
			files = (
				757C58B6209F495100252869 /* LaunchScreen.storyboard in Resources */,
				757C58B3209F495100252869 /* Assets.xcassets in Resources */,
				757C58B1209F495000252869 /* Main.storyboard in Resources */,
			);
			runOnlyForDeploymentPostprocessing = 0;
		};
/* End PBXResourcesBuildPhase section */

/* Begin PBXShellScriptBuildPhase section */
		757C58CF209F4F6D00252869 /* ShellScript */ = {
			isa = PBXShellScriptBuildPhase;
			buildActionMask = 2147483647;
			files = (
			);
			inputPaths = (
			);
			outputPaths = (
			);
			runOnlyForDeploymentPostprocessing = 0;
			shellPath = /bin/sh;
			shellScript = "bash \"${BUILT_PRODUCTS_DIR}/${FRAMEWORKS_FOLDER_PATH}/Mapbox.framework/strip-frameworks.sh\"";
		};
/* End PBXShellScriptBuildPhase section */

/* Begin PBXSourcesBuildPhase section */
		757C58A4209F495000252869 /* Sources */ = {
			isa = PBXSourcesBuildPhase;
			buildActionMask = 2147483647;
			files = (
				757C58AE209F495000252869 /* ViewController.swift in Sources */,
				757C58AC209F495000252869 /* AppDelegate.swift in Sources */,
			);
			runOnlyForDeploymentPostprocessing = 0;
		};
/* End PBXSourcesBuildPhase section */

/* Begin PBXVariantGroup section */
		757C58AF209F495000252869 /* Main.storyboard */ = {
			isa = PBXVariantGroup;
			children = (
				757C58B0209F495000252869 /* Base */,
			);
			name = Main.storyboard;
			sourceTree = "<group>";
		};
		757C58B4209F495100252869 /* LaunchScreen.storyboard */ = {
			isa = PBXVariantGroup;
			children = (
				757C58B5209F495100252869 /* Base */,
			);
			name = LaunchScreen.storyboard;
			sourceTree = "<group>";
		};
/* End PBXVariantGroup section */

/* Begin XCBuildConfiguration section */
		757C58B8209F495100252869 /* Debug */ = {
			isa = XCBuildConfiguration;
			buildSettings = {
				ALWAYS_SEARCH_USER_PATHS = NO;
				CLANG_ANALYZER_NONNULL = YES;
				CLANG_ANALYZER_NUMBER_OBJECT_CONVERSION = YES_AGGRESSIVE;
				CLANG_CXX_LANGUAGE_STANDARD = "gnu++14";
				CLANG_CXX_LIBRARY = "libc++";
				CLANG_ENABLE_MODULES = YES;
				CLANG_ENABLE_OBJC_ARC = YES;
				CLANG_ENABLE_OBJC_WEAK = YES;
				CLANG_WARN_BLOCK_CAPTURE_AUTORELEASING = YES;
				CLANG_WARN_BOOL_CONVERSION = YES;
				CLANG_WARN_COMMA = YES;
				CLANG_WARN_CONSTANT_CONVERSION = YES;
				CLANG_WARN_DEPRECATED_OBJC_IMPLEMENTATIONS = YES;
				CLANG_WARN_DIRECT_OBJC_ISA_USAGE = YES_ERROR;
				CLANG_WARN_DOCUMENTATION_COMMENTS = YES;
				CLANG_WARN_EMPTY_BODY = YES;
				CLANG_WARN_ENUM_CONVERSION = YES;
				CLANG_WARN_INFINITE_RECURSION = YES;
				CLANG_WARN_INT_CONVERSION = YES;
				CLANG_WARN_NON_LITERAL_NULL_CONVERSION = YES;
				CLANG_WARN_OBJC_IMPLICIT_RETAIN_SELF = YES;
				CLANG_WARN_OBJC_LITERAL_CONVERSION = YES;
				CLANG_WARN_OBJC_ROOT_CLASS = YES_ERROR;
				CLANG_WARN_RANGE_LOOP_ANALYSIS = YES;
				CLANG_WARN_STRICT_PROTOTYPES = YES;
				CLANG_WARN_SUSPICIOUS_MOVE = YES;
				CLANG_WARN_UNGUARDED_AVAILABILITY = YES_AGGRESSIVE;
				CLANG_WARN_UNREACHABLE_CODE = YES;
				CLANG_WARN__DUPLICATE_METHOD_MATCH = YES;
				CODE_SIGN_IDENTITY = "iPhone Developer";
				COPY_PHASE_STRIP = NO;
				DEBUG_INFORMATION_FORMAT = dwarf;
				ENABLE_STRICT_OBJC_MSGSEND = YES;
				ENABLE_TESTABILITY = YES;
				GCC_C_LANGUAGE_STANDARD = gnu11;
				GCC_DYNAMIC_NO_PIC = NO;
				GCC_NO_COMMON_BLOCKS = YES;
				GCC_OPTIMIZATION_LEVEL = 0;
				GCC_PREPROCESSOR_DEFINITIONS = (
					"DEBUG=1",
					"$(inherited)",
				);
				GCC_WARN_64_TO_32_BIT_CONVERSION = YES;
				GCC_WARN_ABOUT_RETURN_TYPE = YES_ERROR;
				GCC_WARN_UNDECLARED_SELECTOR = YES;
				GCC_WARN_UNINITIALIZED_AUTOS = YES_AGGRESSIVE;
				GCC_WARN_UNUSED_FUNCTION = YES;
				GCC_WARN_UNUSED_VARIABLE = YES;
				IPHONEOS_DEPLOYMENT_TARGET = 11.3;
				MTL_ENABLE_DEBUG_INFO = YES;
				ONLY_ACTIVE_ARCH = YES;
				SDKROOT = iphoneos;
				SWIFT_ACTIVE_COMPILATION_CONDITIONS = DEBUG;
				SWIFT_OPTIMIZATION_LEVEL = "-Onone";
			};
			name = Debug;
		};
		757C58B9209F495100252869 /* Release */ = {
			isa = XCBuildConfiguration;
			buildSettings = {
				ALWAYS_SEARCH_USER_PATHS = NO;
				CLANG_ANALYZER_NONNULL = YES;
				CLANG_ANALYZER_NUMBER_OBJECT_CONVERSION = YES_AGGRESSIVE;
				CLANG_CXX_LANGUAGE_STANDARD = "gnu++14";
				CLANG_CXX_LIBRARY = "libc++";
				CLANG_ENABLE_MODULES = YES;
				CLANG_ENABLE_OBJC_ARC = YES;
				CLANG_ENABLE_OBJC_WEAK = YES;
				CLANG_WARN_BLOCK_CAPTURE_AUTORELEASING = YES;
				CLANG_WARN_BOOL_CONVERSION = YES;
				CLANG_WARN_COMMA = YES;
				CLANG_WARN_CONSTANT_CONVERSION = YES;
				CLANG_WARN_DEPRECATED_OBJC_IMPLEMENTATIONS = YES;
				CLANG_WARN_DIRECT_OBJC_ISA_USAGE = YES_ERROR;
				CLANG_WARN_DOCUMENTATION_COMMENTS = YES;
				CLANG_WARN_EMPTY_BODY = YES;
				CLANG_WARN_ENUM_CONVERSION = YES;
				CLANG_WARN_INFINITE_RECURSION = YES;
				CLANG_WARN_INT_CONVERSION = YES;
				CLANG_WARN_NON_LITERAL_NULL_CONVERSION = YES;
				CLANG_WARN_OBJC_IMPLICIT_RETAIN_SELF = YES;
				CLANG_WARN_OBJC_LITERAL_CONVERSION = YES;
				CLANG_WARN_OBJC_ROOT_CLASS = YES_ERROR;
				CLANG_WARN_RANGE_LOOP_ANALYSIS = YES;
				CLANG_WARN_STRICT_PROTOTYPES = YES;
				CLANG_WARN_SUSPICIOUS_MOVE = YES;
				CLANG_WARN_UNGUARDED_AVAILABILITY = YES_AGGRESSIVE;
				CLANG_WARN_UNREACHABLE_CODE = YES;
				CLANG_WARN__DUPLICATE_METHOD_MATCH = YES;
				CODE_SIGN_IDENTITY = "iPhone Developer";
				COPY_PHASE_STRIP = NO;
				DEBUG_INFORMATION_FORMAT = "dwarf-with-dsym";
				ENABLE_NS_ASSERTIONS = NO;
				ENABLE_STRICT_OBJC_MSGSEND = YES;
				GCC_C_LANGUAGE_STANDARD = gnu11;
				GCC_NO_COMMON_BLOCKS = YES;
				GCC_WARN_64_TO_32_BIT_CONVERSION = YES;
				GCC_WARN_ABOUT_RETURN_TYPE = YES_ERROR;
				GCC_WARN_UNDECLARED_SELECTOR = YES;
				GCC_WARN_UNINITIALIZED_AUTOS = YES_AGGRESSIVE;
				GCC_WARN_UNUSED_FUNCTION = YES;
				GCC_WARN_UNUSED_VARIABLE = YES;
				IPHONEOS_DEPLOYMENT_TARGET = 11.3;
				MTL_ENABLE_DEBUG_INFO = NO;
				SDKROOT = iphoneos;
				SWIFT_COMPILATION_MODE = wholemodule;
				SWIFT_OPTIMIZATION_LEVEL = "-O";
				VALIDATE_PRODUCT = YES;
			};
			name = Release;
		};
		757C58BB209F495100252869 /* Debug */ = {
			isa = XCBuildConfiguration;
			buildSettings = {
				ASSETCATALOG_COMPILER_APPICON_NAME = AppIcon;
				CODE_SIGN_STYLE = Automatic;
				FRAMEWORK_SEARCH_PATHS = (
					"$(inherited)",
					"$(PROJECT_DIR)",
					"$(PROJECT_DIR)/Carthage/Build/iOS",
				);
				INFOPLIST_FILE = PublicArt/Info.plist;
				LD_RUNPATH_SEARCH_PATHS = (
					"$(inherited)",
					"@executable_path/Frameworks",
				);
				PRODUCT_BUNDLE_IDENTIFIER = Soarthec.PublicArt;
				PRODUCT_NAME = "$(TARGET_NAME)";
				SWIFT_VERSION = 4.0;
				TARGETED_DEVICE_FAMILY = "1,2";
			};
			name = Debug;
		};
		757C58BC209F495100252869 /* Release */ = {
			isa = XCBuildConfiguration;
			buildSettings = {
				ASSETCATALOG_COMPILER_APPICON_NAME = AppIcon;
				CODE_SIGN_STYLE = Automatic;
				FRAMEWORK_SEARCH_PATHS = (
					"$(inherited)",
					"$(PROJECT_DIR)",
					"$(PROJECT_DIR)/Carthage/Build/iOS",
				);
				INFOPLIST_FILE = PublicArt/Info.plist;
				LD_RUNPATH_SEARCH_PATHS = (
					"$(inherited)",
					"@executable_path/Frameworks",
				);
				PRODUCT_BUNDLE_IDENTIFIER = Soarthec.PublicArt;
				PRODUCT_NAME = "$(TARGET_NAME)";
				SWIFT_VERSION = 4.0;
				TARGETED_DEVICE_FAMILY = "1,2";
			};
			name = Release;
		};
/* End XCBuildConfiguration section */

/* Begin XCConfigurationList section */
		757C58A3209F495000252869 /* Build configuration list for PBXProject "PublicArt" */ = {
			isa = XCConfigurationList;
			buildConfigurations = (
				757C58B8209F495100252869 /* Debug */,
				757C58B9209F495100252869 /* Release */,
			);
			defaultConfigurationIsVisible = 0;
			defaultConfigurationName = Release;
		};
		757C58BA209F495100252869 /* Build configuration list for PBXNativeTarget "PublicArt" */ = {
			isa = XCConfigurationList;
			buildConfigurations = (
				757C58BB209F495100252869 /* Debug */,
				757C58BC209F495100252869 /* Release */,
			);
			defaultConfigurationIsVisible = 0;
			defaultConfigurationName = Release;
		};
/* End XCConfigurationList section */
	};
	rootObject = 757C58A0209F495000252869 /* Project object */;
}
